Microsoft Visual Studio Solution File, Format Version 12.00
# Visual Studio Version 17
VisualStudioVersion = 17.5.2.0
MinimumVisualStudioVersion = 10.0.40219.1
Project("{FAE04EC0-301F-11D3-BF4B-00C04F79EFBC}") = "BackEndApi", "BackEndApi\BackEndApi.csproj", "{353F741D-D74A-5D0E-7181-CC7B3F3ACE10}"
EndProject
Global
	GlobalSection(SolutionConfigurationPlatforms) = preSolution
		Debug|Any CPU = Debug|Any CPU
		Release|Any CPU = Release|Any CPU
	EndGlobalSection
	GlobalSection(ProjectConfigurationPlatforms) = postSolution
		{353F741D-D74A-5D0E-7181-CC7B3F3ACE10}.Debug|Any CPU.ActiveCfg = Debug|Any CPU
		{353F741D-D74A-5D0E-7181-CC7B3F3ACE10}.Debug|Any CPU.Build.0 = Debug|Any CPU
		{353F741D-D74A-5D0E-7181-CC7B3F3ACE10}.Release|Any CPU.ActiveCfg = Release|Any CPU
		{353F741D-D74A-5D0E-7181-CC7B3F3ACE10}.Release|Any CPU.Build.0 = Release|Any CPU
	EndGlobalSection
	GlobalSection(SolutionProperties) = preSolution
		HideSolutionNode = FALSE
	EndGlobalSection
	GlobalSection(ExtensibilityGlobals) = postSolution
		SolutionGuid = {5FFA47A8-C590-4744-AD85-DF2CC082A2C5}
	EndGlobalSection
EndGlobal
